// !$*UTF8*$!
{
	archiveVersion = 1;
	classes = {
	};
	objectVersion = 56;
	objects = {

/* Begin PBXBuildFile section */
		5B0E32FD2BC5D4C900F934DE /* OnboardingTip.swift in Sources */ = {isa = PBXBuildFile; fileRef = 5B0E32FC2BC5D4C900F934DE /* OnboardingTip.swift */; };
		5B0E32FF2BC5D81300F934DE /* Hexcode+Equatable.swift in Sources */ = {isa = PBXBuildFile; fileRef = 5B0E32FE2BC5D81300F934DE /* Hexcode+Equatable.swift */; };
		5B0E33032BC6BC6600F934DE /* Binding+convert.swift in Sources */ = {isa = PBXBuildFile; fileRef = 5B0E33022BC6BC6600F934DE /* Binding+convert.swift */; };
		5B0E33052BC6DF3E00F934DE /* HexcodeTests.swift in Sources */ = {isa = PBXBuildFile; fileRef = 5B0E33042BC6DF3E00F934DE /* HexcodeTests.swift */; };
		5B0E33142BC8853300F934DE /* String+toHexadecimal.swift in Sources */ = {isa = PBXBuildFile; fileRef = 5B0E33132BC8853300F934DE /* String+toHexadecimal.swift */; };
		5B0E33162BC8877100F934DE /* Int+toHexadecimal.swift in Sources */ = {isa = PBXBuildFile; fileRef = 5B0E33152BC8877100F934DE /* Int+toHexadecimal.swift */; };
		5B0E33182BC958AE00F934DE /* HexadecimalConversions.swift in Sources */ = {isa = PBXBuildFile; fileRef = 5B0E33172BC958AE00F934DE /* HexadecimalConversions.swift */; };
		5B0E33192BC958FD00F934DE /* String+toHexadecimal.swift in Sources */ = {isa = PBXBuildFile; fileRef = 5B0E33132BC8853300F934DE /* String+toHexadecimal.swift */; };
		5B0E331A2BC9590000F934DE /* Int+toHexadecimal.swift in Sources */ = {isa = PBXBuildFile; fileRef = 5B0E33152BC8877100F934DE /* Int+toHexadecimal.swift */; };
		5B1208C42BBB238C00F36388 /* Hexcode.swift in Sources */ = {isa = PBXBuildFile; fileRef = 5B5BA3872BB745FA00B558EE /* Hexcode.swift */; };
		5B1208C72BBB242C00F36388 /* ComponentTests.swift in Sources */ = {isa = PBXBuildFile; fileRef = 5B1208C62BBB242C00F36388 /* ComponentTests.swift */; };
		5B1208C82BBB245600F36388 /* Component.swift in Sources */ = {isa = PBXBuildFile; fileRef = 5B5BA3972BB8B03200B558EE /* Component.swift */; };
		5B1208C92BBB24B700F36388 /* HexCategory.swift in Sources */ = {isa = PBXBuildFile; fileRef = 5B5BA3992BB8B05D00B558EE /* HexCategory.swift */; };
		5B4F369E2BC1F9D200F1EB87 /* TimedGame.swift in Sources */ = {isa = PBXBuildFile; fileRef = 5BB39A712BC1E38700A38EAD /* TimedGame.swift */; };
		5B4F369F2BC1F9D900F1EB87 /* Guess.swift in Sources */ = {isa = PBXBuildFile; fileRef = 5BB39A782BC1EDF800A38EAD /* Guess.swift */; };
		5B4F36A32BC203A100F1EB87 /* GameModeButtonView.swift in Sources */ = {isa = PBXBuildFile; fileRef = 5B4F36A22BC203A100F1EB87 /* GameModeButtonView.swift */; };
		5B4F36A52BC4242400F1EB87 /* MusicPlayer.swift in Sources */ = {isa = PBXBuildFile; fileRef = 5B4F36A42BC4242400F1EB87 /* MusicPlayer.swift */; };
		5B52A0BE2BC1F84C00BBE59B /* GameViewModel.swift in Sources */ = {isa = PBXBuildFile; fileRef = 5BB39A6F2BC1E00C00A38EAD /* GameViewModel.swift */; };
		5B5BA3792BB7433900B558EE /* WhatTheHexApp.swift in Sources */ = {isa = PBXBuildFile; fileRef = 5B5BA3782BB7433900B558EE /* WhatTheHexApp.swift */; };
		5B5BA37B2BB7433900B558EE /* ContentView.swift in Sources */ = {isa = PBXBuildFile; fileRef = 5B5BA37A2BB7433900B558EE /* ContentView.swift */; };
		5B5BA37D2BB7433B00B558EE /* Assets.xcassets in Resources */ = {isa = PBXBuildFile; fileRef = 5B5BA37C2BB7433B00B558EE /* Assets.xcassets */; };
		5B5BA3812BB7433B00B558EE /* Preview Assets.xcassets in Resources */ = {isa = PBXBuildFile; fileRef = 5B5BA3802BB7433B00B558EE /* Preview Assets.xcassets */; };
		5B5BA3882BB745FA00B558EE /* Hexcode.swift in Sources */ = {isa = PBXBuildFile; fileRef = 5B5BA3872BB745FA00B558EE /* Hexcode.swift */; };
		5B5BA38E2BB8894900B558EE /* Color+Random.swift in Sources */ = {isa = PBXBuildFile; fileRef = 5B5BA38D2BB8894900B558EE /* Color+Random.swift */; };
		5B5BA3962BB89BD100B558EE /* Color+InitFromHex.swift in Sources */ = {isa = PBXBuildFile; fileRef = 5B5BA3952BB89BD100B558EE /* Color+InitFromHex.swift */; };
		5B5BA3982BB8B03200B558EE /* Component.swift in Sources */ = {isa = PBXBuildFile; fileRef = 5B5BA3972BB8B03200B558EE /* Component.swift */; };
		5B5BA39A2BB8B05D00B558EE /* HexCategory.swift in Sources */ = {isa = PBXBuildFile; fileRef = 5B5BA3992BB8B05D00B558EE /* HexCategory.swift */; };
		5B5BA39C2BB8B1BD00B558EE /* HexComponentPickerView.swift in Sources */ = {isa = PBXBuildFile; fileRef = 5B5BA39B2BB8B1BD00B558EE /* HexComponentPickerView.swift */; };
		5B68EAD62BC42F0E00ABD6E0 /* SurvivalGameViewModel.swift in Sources */ = {isa = PBXBuildFile; fileRef = 5B68EAD52BC42F0E00ABD6E0 /* SurvivalGameViewModel.swift */; };
		5B68EAD82BC4321500ABD6E0 /* SurvivalGameView.swift in Sources */ = {isa = PBXBuildFile; fileRef = 5B68EAD72BC4321500ABD6E0 /* SurvivalGameView.swift */; };
		5B68EADA2BC433FD00ABD6E0 /* GameplayLoop.mp3 in Resources */ = {isa = PBXBuildFile; fileRef = 5B68EAD92BC433FC00ABD6E0 /* GameplayLoop.mp3 */; };
		5B68EADD2BC570DE00ABD6E0 /* AccuracyGameView.swift in Sources */ = {isa = PBXBuildFile; fileRef = 5B68EADC2BC570DE00ABD6E0 /* AccuracyGameView.swift */; };
		5B68EADF2BC58D8500ABD6E0 /* RGBSlidersView.swift in Sources */ = {isa = PBXBuildFile; fileRef = 5B68EADE2BC58D8500ABD6E0 /* RGBSlidersView.swift */; };
		5BA3D9CC2BBB64A0003DE2F8 /* AccuracyGameViewModel.swift in Sources */ = {isa = PBXBuildFile; fileRef = 5BA3D9CB2BBB64A0003DE2F8 /* AccuracyGameViewModel.swift */; };
		5BA3D9D02BBB6E23003DE2F8 /* ColorSquareView.swift in Sources */ = {isa = PBXBuildFile; fileRef = 5BA3D9CF2BBB6E23003DE2F8 /* ColorSquareView.swift */; };
		5BA3D9D52BBC342F003DE2F8 /* TimerView.swift in Sources */ = {isa = PBXBuildFile; fileRef = 5BA3D9D42BBC342F003DE2F8 /* TimerView.swift */; };
		5BA3D9D72BBC4B6B003DE2F8 /* OnboardingView.swift in Sources */ = {isa = PBXBuildFile; fileRef = 5BA3D9D62BBC4B6B003DE2F8 /* OnboardingView.swift */; };
		5BA3D9D92BBC4BE4003DE2F8 /* OnboardingRowView.swift in Sources */ = {isa = PBXBuildFile; fileRef = 5BA3D9D82BBC4BE3003DE2F8 /* OnboardingRowView.swift */; };
		5BA3D9DB2BBC4D33003DE2F8 /* BackgroundView.swift in Sources */ = {isa = PBXBuildFile; fileRef = 5BA3D9DA2BBC4D33003DE2F8 /* BackgroundView.swift */; };
		5BA3D9DD2BBC508E003DE2F8 /* HexcodeExplanationView.swift in Sources */ = {isa = PBXBuildFile; fileRef = 5BA3D9DC2BBC508E003DE2F8 /* HexcodeExplanationView.swift */; };
		5BA3D9DF2BBC5424003DE2F8 /* ScoreExplanationView.swift in Sources */ = {isa = PBXBuildFile; fileRef = 5BA3D9DE2BBC5424003DE2F8 /* ScoreExplanationView.swift */; };
		5BB39A582BBC83CA00A38EAD /* BeginView.swift in Sources */ = {isa = PBXBuildFile; fileRef = 5BB39A572BBC83CA00A38EAD /* BeginView.swift */; };
		5BB39A5A2BBC865C00A38EAD /* Particle.swift in Sources */ = {isa = PBXBuildFile; fileRef = 5BB39A592BBC865C00A38EAD /* Particle.swift */; };
		5BB39A5D2BBC86AF00A38EAD /* ParticleSystem.swift in Sources */ = {isa = PBXBuildFile; fileRef = 5BB39A5C2BBC86AF00A38EAD /* ParticleSystem.swift */; };
		5BB39A5F2BBC940D00A38EAD /* PracticeModeView.swift in Sources */ = {isa = PBXBuildFile; fileRef = 5BB39A5E2BBC940D00A38EAD /* PracticeModeView.swift */; };
		5BB39A662BBC95D700A38EAD /* GameSelectionView.swift in Sources */ = {isa = PBXBuildFile; fileRef = 5BB39A652BBC95D700A38EAD /* GameSelectionView.swift */; };
		5BB39A682BBDA08700A38EAD /* GameViewModelTests.swift in Sources */ = {isa = PBXBuildFile; fileRef = 5BB39A672BBDA08700A38EAD /* GameViewModelTests.swift */; };
		5BB39A692BBDA0C800A38EAD /* AccuracyGameViewModel.swift in Sources */ = {isa = PBXBuildFile; fileRef = 5BA3D9CB2BBB64A0003DE2F8 /* AccuracyGameViewModel.swift */; };
		5BB39A6D2BC1DEE200A38EAD /* RapidGameViewModel.swift in Sources */ = {isa = PBXBuildFile; fileRef = 5BB39A6C2BC1DEE200A38EAD /* RapidGameViewModel.swift */; };
		5BB39A6E2BC1DEE500A38EAD /* RapidGameViewModel.swift in Sources */ = {isa = PBXBuildFile; fileRef = 5BB39A6C2BC1DEE200A38EAD /* RapidGameViewModel.swift */; };
		5BB39A702BC1E00C00A38EAD /* GameViewModel.swift in Sources */ = {isa = PBXBuildFile; fileRef = 5BB39A6F2BC1E00C00A38EAD /* GameViewModel.swift */; };
		5BB39A722BC1E38700A38EAD /* TimedGame.swift in Sources */ = {isa = PBXBuildFile; fileRef = 5BB39A712BC1E38700A38EAD /* TimedGame.swift */; };
		5BB39A752BC1E90300A38EAD /* TimedGameBaseView.swift in Sources */ = {isa = PBXBuildFile; fileRef = 5BB39A742BC1E90300A38EAD /* TimedGameBaseView.swift */; };
		5BB39A772BC1ED3A00A38EAD /* RapidGameOverView.swift in Sources */ = {isa = PBXBuildFile; fileRef = 5BB39A762BC1ED3A00A38EAD /* RapidGameOverView.swift */; };
		5BB39A792BC1EDF800A38EAD /* Guess.swift in Sources */ = {isa = PBXBuildFile; fileRef = 5BB39A782BC1EDF800A38EAD /* Guess.swift */; };
		5BB39A7F2BC1F44500A38EAD /* RapidGameView.swift in Sources */ = {isa = PBXBuildFile; fileRef = 5BB39A7E2BC1F44500A38EAD /* RapidGameView.swift */; };
/* End PBXBuildFile section */

/* Begin PBXContainerItemProxy section */
		5B1208BD2BBB232B00F36388 /* PBXContainerItemProxy */ = {
			isa = PBXContainerItemProxy;
			containerPortal = 5B5BA36D2BB7433900B558EE /* Project object */;
			proxyType = 1;
			remoteGlobalIDString = 5B5BA3742BB7433900B558EE;
			remoteInfo = WhatTheHex;
		};
/* End PBXContainerItemProxy section */

/* Begin PBXFileReference section */
		5B0E32FC2BC5D4C900F934DE /* OnboardingTip.swift */ = {isa = PBXFileReference; lastKnownFileType = sourcecode.swift; path = OnboardingTip.swift; sourceTree = "<group>"; };
		5B0E32FE2BC5D81300F934DE /* Hexcode+Equatable.swift */ = {isa = PBXFileReference; lastKnownFileType = sourcecode.swift; path = "Hexcode+Equatable.swift"; sourceTree = "<group>"; };
		5B0E33022BC6BC6600F934DE /* Binding+convert.swift */ = {isa = PBXFileReference; lastKnownFileType = sourcecode.swift; path = "Binding+convert.swift"; sourceTree = "<group>"; };
		5B0E33042BC6DF3E00F934DE /* HexcodeTests.swift */ = {isa = PBXFileReference; lastKnownFileType = sourcecode.swift; path = HexcodeTests.swift; sourceTree = "<group>"; };
		5B0E33132BC8853300F934DE /* String+toHexadecimal.swift */ = {isa = PBXFileReference; lastKnownFileType = sourcecode.swift; path = "String+toHexadecimal.swift"; sourceTree = "<group>"; };
		5B0E33152BC8877100F934DE /* Int+toHexadecimal.swift */ = {isa = PBXFileReference; lastKnownFileType = sourcecode.swift; path = "Int+toHexadecimal.swift"; sourceTree = "<group>"; };
		5B0E33172BC958AE00F934DE /* HexadecimalConversions.swift */ = {isa = PBXFileReference; lastKnownFileType = sourcecode.swift; path = HexadecimalConversions.swift; sourceTree = "<group>"; };
		5B1208B92BBB232B00F36388 /* WhatTheHexTests.xctest */ = {isa = PBXFileReference; explicitFileType = wrapper.cfbundle; includeInIndex = 0; path = WhatTheHexTests.xctest; sourceTree = BUILT_PRODUCTS_DIR; };
		5B1208C62BBB242C00F36388 /* ComponentTests.swift */ = {isa = PBXFileReference; lastKnownFileType = sourcecode.swift; path = ComponentTests.swift; sourceTree = "<group>"; };
		5B4F36A22BC203A100F1EB87 /* GameModeButtonView.swift */ = {isa = PBXFileReference; lastKnownFileType = sourcecode.swift; path = GameModeButtonView.swift; sourceTree = "<group>"; };
		5B4F36A42BC4242400F1EB87 /* MusicPlayer.swift */ = {isa = PBXFileReference; lastKnownFileType = sourcecode.swift; path = MusicPlayer.swift; sourceTree = "<group>"; };
		5B5BA3752BB7433900B558EE /* WhatTheHex.app */ = {isa = PBXFileReference; explicitFileType = wrapper.application; includeInIndex = 0; path = WhatTheHex.app; sourceTree = BUILT_PRODUCTS_DIR; };
		5B5BA3782BB7433900B558EE /* WhatTheHexApp.swift */ = {isa = PBXFileReference; lastKnownFileType = sourcecode.swift; path = WhatTheHexApp.swift; sourceTree = "<group>"; };
		5B5BA37A2BB7433900B558EE /* ContentView.swift */ = {isa = PBXFileReference; lastKnownFileType = sourcecode.swift; path = ContentView.swift; sourceTree = "<group>"; };
		5B5BA37C2BB7433B00B558EE /* Assets.xcassets */ = {isa = PBXFileReference; lastKnownFileType = folder.assetcatalog; path = Assets.xcassets; sourceTree = "<group>"; };
		5B5BA37E2BB7433B00B558EE /* WhatTheHex.entitlements */ = {isa = PBXFileReference; lastKnownFileType = text.plist.entitlements; path = WhatTheHex.entitlements; sourceTree = "<group>"; };
		5B5BA3802BB7433B00B558EE /* Preview Assets.xcassets */ = {isa = PBXFileReference; lastKnownFileType = folder.assetcatalog; path = "Preview Assets.xcassets"; sourceTree = "<group>"; };
		5B5BA3872BB745FA00B558EE /* Hexcode.swift */ = {isa = PBXFileReference; lastKnownFileType = sourcecode.swift; path = Hexcode.swift; sourceTree = "<group>"; };
		5B5BA38D2BB8894900B558EE /* Color+Random.swift */ = {isa = PBXFileReference; lastKnownFileType = sourcecode.swift; path = "Color+Random.swift"; sourceTree = "<group>"; };
		5B5BA3952BB89BD100B558EE /* Color+InitFromHex.swift */ = {isa = PBXFileReference; lastKnownFileType = sourcecode.swift; path = "Color+InitFromHex.swift"; sourceTree = "<group>"; };
		5B5BA3972BB8B03200B558EE /* Component.swift */ = {isa = PBXFileReference; lastKnownFileType = sourcecode.swift; path = Component.swift; sourceTree = "<group>"; };
		5B5BA3992BB8B05D00B558EE /* HexCategory.swift */ = {isa = PBXFileReference; lastKnownFileType = sourcecode.swift; path = HexCategory.swift; sourceTree = "<group>"; };
		5B5BA39B2BB8B1BD00B558EE /* HexComponentPickerView.swift */ = {isa = PBXFileReference; lastKnownFileType = sourcecode.swift; path = HexComponentPickerView.swift; sourceTree = "<group>"; };
		5B68EAD52BC42F0E00ABD6E0 /* SurvivalGameViewModel.swift */ = {isa = PBXFileReference; lastKnownFileType = sourcecode.swift; path = SurvivalGameViewModel.swift; sourceTree = "<group>"; };
		5B68EAD72BC4321500ABD6E0 /* SurvivalGameView.swift */ = {isa = PBXFileReference; lastKnownFileType = sourcecode.swift; path = SurvivalGameView.swift; sourceTree = "<group>"; };
		5B68EAD92BC433FC00ABD6E0 /* GameplayLoop.mp3 */ = {isa = PBXFileReference; lastKnownFileType = audio.mp3; path = GameplayLoop.mp3; sourceTree = "<group>"; };
		5B68EADC2BC570DE00ABD6E0 /* AccuracyGameView.swift */ = {isa = PBXFileReference; lastKnownFileType = sourcecode.swift; path = AccuracyGameView.swift; sourceTree = "<group>"; };
		5B68EADE2BC58D8500ABD6E0 /* RGBSlidersView.swift */ = {isa = PBXFileReference; lastKnownFileType = sourcecode.swift; path = RGBSlidersView.swift; sourceTree = "<group>"; };
		5BA3D9CB2BBB64A0003DE2F8 /* AccuracyGameViewModel.swift */ = {isa = PBXFileReference; lastKnownFileType = sourcecode.swift; path = AccuracyGameViewModel.swift; sourceTree = "<group>"; };
		5BA3D9CF2BBB6E23003DE2F8 /* ColorSquareView.swift */ = {isa = PBXFileReference; lastKnownFileType = sourcecode.swift; path = ColorSquareView.swift; sourceTree = "<group>"; };
		5BA3D9D42BBC342F003DE2F8 /* TimerView.swift */ = {isa = PBXFileReference; lastKnownFileType = sourcecode.swift; path = TimerView.swift; sourceTree = "<group>"; };
		5BA3D9D62BBC4B6B003DE2F8 /* OnboardingView.swift */ = {isa = PBXFileReference; lastKnownFileType = sourcecode.swift; path = OnboardingView.swift; sourceTree = "<group>"; };
		5BA3D9D82BBC4BE3003DE2F8 /* OnboardingRowView.swift */ = {isa = PBXFileReference; lastKnownFileType = sourcecode.swift; path = OnboardingRowView.swift; sourceTree = "<group>"; };
		5BA3D9DA2BBC4D33003DE2F8 /* BackgroundView.swift */ = {isa = PBXFileReference; lastKnownFileType = sourcecode.swift; path = BackgroundView.swift; sourceTree = "<group>"; };
		5BA3D9DC2BBC508E003DE2F8 /* HexcodeExplanationView.swift */ = {isa = PBXFileReference; lastKnownFileType = sourcecode.swift; path = HexcodeExplanationView.swift; sourceTree = "<group>"; };
		5BA3D9DE2BBC5424003DE2F8 /* ScoreExplanationView.swift */ = {isa = PBXFileReference; lastKnownFileType = sourcecode.swift; path = ScoreExplanationView.swift; sourceTree = "<group>"; };
		5BB39A572BBC83CA00A38EAD /* BeginView.swift */ = {isa = PBXFileReference; lastKnownFileType = sourcecode.swift; path = BeginView.swift; sourceTree = "<group>"; };
		5BB39A592BBC865C00A38EAD /* Particle.swift */ = {isa = PBXFileReference; lastKnownFileType = sourcecode.swift; path = Particle.swift; sourceTree = "<group>"; };
		5BB39A5C2BBC86AF00A38EAD /* ParticleSystem.swift */ = {isa = PBXFileReference; lastKnownFileType = sourcecode.swift; path = ParticleSystem.swift; sourceTree = "<group>"; };
		5BB39A5E2BBC940D00A38EAD /* PracticeModeView.swift */ = {isa = PBXFileReference; lastKnownFileType = sourcecode.swift; path = PracticeModeView.swift; sourceTree = "<group>"; };
		5BB39A652BBC95D700A38EAD /* GameSelectionView.swift */ = {isa = PBXFileReference; lastKnownFileType = sourcecode.swift; path = GameSelectionView.swift; sourceTree = "<group>"; };
		5BB39A672BBDA08700A38EAD /* GameViewModelTests.swift */ = {isa = PBXFileReference; lastKnownFileType = sourcecode.swift; path = GameViewModelTests.swift; sourceTree = "<group>"; };
		5BB39A6C2BC1DEE200A38EAD /* RapidGameViewModel.swift */ = {isa = PBXFileReference; lastKnownFileType = sourcecode.swift; path = RapidGameViewModel.swift; sourceTree = "<group>"; };
		5BB39A6F2BC1E00C00A38EAD /* GameViewModel.swift */ = {isa = PBXFileReference; lastKnownFileType = sourcecode.swift; path = GameViewModel.swift; sourceTree = "<group>"; };
		5BB39A712BC1E38700A38EAD /* TimedGame.swift */ = {isa = PBXFileReference; lastKnownFileType = sourcecode.swift; path = TimedGame.swift; sourceTree = "<group>"; };
		5BB39A742BC1E90300A38EAD /* TimedGameBaseView.swift */ = {isa = PBXFileReference; lastKnownFileType = sourcecode.swift; path = TimedGameBaseView.swift; sourceTree = "<group>"; };
		5BB39A762BC1ED3A00A38EAD /* RapidGameOverView.swift */ = {isa = PBXFileReference; lastKnownFileType = sourcecode.swift; path = RapidGameOverView.swift; sourceTree = "<group>"; };
		5BB39A782BC1EDF800A38EAD /* Guess.swift */ = {isa = PBXFileReference; lastKnownFileType = sourcecode.swift; path = Guess.swift; sourceTree = "<group>"; };
		5BB39A7E2BC1F44500A38EAD /* RapidGameView.swift */ = {isa = PBXFileReference; lastKnownFileType = sourcecode.swift; path = RapidGameView.swift; sourceTree = "<group>"; };
/* End PBXFileReference section */

/* Begin PBXFrameworksBuildPhase section */
		5B1208B62BBB232B00F36388 /* Frameworks */ = {
			isa = PBXFrameworksBuildPhase;
			buildActionMask = 2147483647;
			files = (
			);
			runOnlyForDeploymentPostprocessing = 0;
		};
		5B5BA3722BB7433900B558EE /* Frameworks */ = {
			isa = PBXFrameworksBuildPhase;
			buildActionMask = 2147483647;
			files = (
			);
			runOnlyForDeploymentPostprocessing = 0;
		};
/* End PBXFrameworksBuildPhase section */

/* Begin PBXGroup section */
		5B0E32F82BC5C87900F934DE /* GameSelection */ = {
			isa = PBXGroup;
			children = (
				5BB39A652BBC95D700A38EAD /* GameSelectionView.swift */,
				5B4F36A22BC203A100F1EB87 /* GameModeButtonView.swift */,
			);
			path = GameSelection;
			sourceTree = "<group>";
		};
		5B0E32F92BC5C88400F934DE /* ExplanationViews */ = {
			isa = PBXGroup;
			children = (
				5BA3D9DE2BBC5424003DE2F8 /* ScoreExplanationView.swift */,
				5BA3D9DC2BBC508E003DE2F8 /* HexcodeExplanationView.swift */,
			);
			path = ExplanationViews;
			sourceTree = "<group>";
		};
		5B0E32FA2BC5C89700F934DE /* Onboarding */ = {
			isa = PBXGroup;
			children = (
				5BA3D9D62BBC4B6B003DE2F8 /* OnboardingView.swift */,
				5BB39A572BBC83CA00A38EAD /* BeginView.swift */,
				5BA3D9D82BBC4BE3003DE2F8 /* OnboardingRowView.swift */,
				5BB39A5E2BBC940D00A38EAD /* PracticeModeView.swift */,
				5B0E32FC2BC5D4C900F934DE /* OnboardingTip.swift */,
			);
			path = Onboarding;
			sourceTree = "<group>";
		};
		5B0E32FB2BC5C8A800F934DE /* GameComponentViews */ = {
			isa = PBXGroup;
			children = (
				5BA3D9D42BBC342F003DE2F8 /* TimerView.swift */,
				5BA3D9CF2BBB6E23003DE2F8 /* ColorSquareView.swift */,
				5B5BA39B2BB8B1BD00B558EE /* HexComponentPickerView.swift */,
				5B68EADE2BC58D8500ABD6E0 /* RGBSlidersView.swift */,
				5BB39A762BC1ED3A00A38EAD /* RapidGameOverView.swift */,
			);
			path = GameComponentViews;
			sourceTree = "<group>";
		};
		5B1208BA2BBB232B00F36388 /* WhatTheHexTests */ = {
			isa = PBXGroup;
			children = (
				5B1208C62BBB242C00F36388 /* ComponentTests.swift */,
				5B0E33172BC958AE00F934DE /* HexadecimalConversions.swift */,
				5BB39A672BBDA08700A38EAD /* GameViewModelTests.swift */,
				5B0E33042BC6DF3E00F934DE /* HexcodeTests.swift */,
			);
			path = WhatTheHexTests;
			sourceTree = "<group>";
		};
		5B4F36A62BC4245400F1EB87 /* Audio */ = {
			isa = PBXGroup;
			children = (
				5B4F36A42BC4242400F1EB87 /* MusicPlayer.swift */,
				5B68EAD92BC433FC00ABD6E0 /* GameplayLoop.mp3 */,
			);
			path = Audio;
			sourceTree = "<group>";
		};
		5B5BA36C2BB7433900B558EE = {
			isa = PBXGroup;
			children = (
				5B5BA3772BB7433900B558EE /* WhatTheHex */,
				5B1208BA2BBB232B00F36388 /* WhatTheHexTests */,
				5B5BA3762BB7433900B558EE /* Products */,
			);
			sourceTree = "<group>";
		};
		5B5BA3762BB7433900B558EE /* Products */ = {
			isa = PBXGroup;
			children = (
				5B5BA3752BB7433900B558EE /* WhatTheHex.app */,
				5B1208B92BBB232B00F36388 /* WhatTheHexTests.xctest */,
			);
			name = Products;
			sourceTree = "<group>";
		};
		5B5BA3772BB7433900B558EE /* WhatTheHex */ = {
			isa = PBXGroup;
			children = (
				5B5BA3782BB7433900B558EE /* WhatTheHexApp.swift */,
				5B4F36A62BC4245400F1EB87 /* Audio */,
				5BB39A732BC1E86C00A38EAD /* Protocols */,
				5BA3D9D32BBC2C96003DE2F8 /* ViewModels */,
				5B5BA39E2BB9A99200B558EE /* Views */,
				5B5BA39D2BB9A96400B558EE /* Models */,
				5B5BA39F2BB9A99E00B558EE /* Extensions */,
				5B5BA37C2BB7433B00B558EE /* Assets.xcassets */,
				5B5BA37E2BB7433B00B558EE /* WhatTheHex.entitlements */,
				5B5BA37F2BB7433B00B558EE /* Preview Content */,
			);
			path = WhatTheHex;
			sourceTree = "<group>";
		};
		5B5BA37F2BB7433B00B558EE /* Preview Content */ = {
			isa = PBXGroup;
			children = (
				5B5BA3802BB7433B00B558EE /* Preview Assets.xcassets */,
			);
			path = "Preview Content";
			sourceTree = "<group>";
		};
		5B5BA39D2BB9A96400B558EE /* Models */ = {
			isa = PBXGroup;
			children = (
				5BB39A782BC1EDF800A38EAD /* Guess.swift */,
				5B5BA3872BB745FA00B558EE /* Hexcode.swift */,
				5B5BA3972BB8B03200B558EE /* Component.swift */,
				5B5BA3992BB8B05D00B558EE /* HexCategory.swift */,
			);
			path = Models;
			sourceTree = "<group>";
		};
		5B5BA39E2BB9A99200B558EE /* Views */ = {
			isa = PBXGroup;
			children = (
				5B5BA37A2BB7433900B558EE /* ContentView.swift */,
				5B0E32F82BC5C87900F934DE /* GameSelection */,
				5B0E32F92BC5C88400F934DE /* ExplanationViews */,
				5B0E32FA2BC5C89700F934DE /* Onboarding */,
				5B0E32FB2BC5C8A800F934DE /* GameComponentViews */,
				5BB39A5B2BBC866100A38EAD /* Background */,
				5BB39A562BBC755F00A38EAD /* Games */,
			);
			path = Views;
			sourceTree = "<group>";
		};
		5B5BA39F2BB9A99E00B558EE /* Extensions */ = {
			isa = PBXGroup;
			children = (
				5B0E32FE2BC5D81300F934DE /* Hexcode+Equatable.swift */,
				5B5BA38D2BB8894900B558EE /* Color+Random.swift */,
				5B5BA3952BB89BD100B558EE /* Color+InitFromHex.swift */,
				5B0E33022BC6BC6600F934DE /* Binding+convert.swift */,
				5B0E33132BC8853300F934DE /* String+toHexadecimal.swift */,
				5B0E33152BC8877100F934DE /* Int+toHexadecimal.swift */,
			);
			path = Extensions;
			sourceTree = "<group>";
		};
		5BA3D9D32BBC2C96003DE2F8 /* ViewModels */ = {
			isa = PBXGroup;
			children = (
				5BA3D9CB2BBB64A0003DE2F8 /* AccuracyGameViewModel.swift */,
				5BB39A6C2BC1DEE200A38EAD /* RapidGameViewModel.swift */,
				5B68EAD52BC42F0E00ABD6E0 /* SurvivalGameViewModel.swift */,
			);
			path = ViewModels;
			sourceTree = "<group>";
		};
		5BB39A562BBC755F00A38EAD /* Games */ = {
			isa = PBXGroup;
			children = (
				5BB39A742BC1E90300A38EAD /* TimedGameBaseView.swift */,
				5B68EADC2BC570DE00ABD6E0 /* AccuracyGameView.swift */,
				5B68EAD72BC4321500ABD6E0 /* SurvivalGameView.swift */,
				5BB39A7E2BC1F44500A38EAD /* RapidGameView.swift */,
			);
			path = Games;
			sourceTree = "<group>";
		};
		5BB39A5B2BBC866100A38EAD /* Background */ = {
			isa = PBXGroup;
			children = (
				5BA3D9DA2BBC4D33003DE2F8 /* BackgroundView.swift */,
				5BB39A592BBC865C00A38EAD /* Particle.swift */,
				5BB39A5C2BBC86AF00A38EAD /* ParticleSystem.swift */,
			);
			path = Background;
			sourceTree = "<group>";
		};
		5BB39A732BC1E86C00A38EAD /* Protocols */ = {
			isa = PBXGroup;
			children = (
				5BB39A6F2BC1E00C00A38EAD /* GameViewModel.swift */,
				5BB39A712BC1E38700A38EAD /* TimedGame.swift */,
			);
			path = Protocols;
			sourceTree = "<group>";
		};
/* End PBXGroup section */

/* Begin PBXNativeTarget section */
		5B1208B82BBB232B00F36388 /* WhatTheHexTests */ = {
			isa = PBXNativeTarget;
			buildConfigurationList = 5B1208BF2BBB232B00F36388 /* Build configuration list for PBXNativeTarget "WhatTheHexTests" */;
			buildPhases = (
				5B1208B52BBB232B00F36388 /* Sources */,
				5B1208B62BBB232B00F36388 /* Frameworks */,
				5B1208B72BBB232B00F36388 /* Resources */,
			);
			buildRules = (
			);
			dependencies = (
				5B1208BE2BBB232B00F36388 /* PBXTargetDependency */,
			);
			name = WhatTheHexTests;
			productName = WhatTheHexTests;
			productReference = 5B1208B92BBB232B00F36388 /* WhatTheHexTests.xctest */;
			productType = "com.apple.product-type.bundle.unit-test";
		};
		5B5BA3742BB7433900B558EE /* WhatTheHex */ = {
			isa = PBXNativeTarget;
			buildConfigurationList = 5B5BA3842BB7433B00B558EE /* Build configuration list for PBXNativeTarget "WhatTheHex" */;
			buildPhases = (
				5B5BA3712BB7433900B558EE /* Sources */,
				5B5BA3722BB7433900B558EE /* Frameworks */,
				5B5BA3732BB7433900B558EE /* Resources */,
			);
			buildRules = (
			);
			dependencies = (
			);
			name = WhatTheHex;
			productName = WhatTheHex;
			productReference = 5B5BA3752BB7433900B558EE /* WhatTheHex.app */;
			productType = "com.apple.product-type.application";
		};
/* End PBXNativeTarget section */

/* Begin PBXProject section */
		5B5BA36D2BB7433900B558EE /* Project object */ = {
			isa = PBXProject;
			attributes = {
				BuildIndependentTargetsInParallel = 1;
				LastSwiftUpdateCheck = 1530;
				LastUpgradeCheck = 1530;
				TargetAttributes = {
					5B1208B82BBB232B00F36388 = {
						CreatedOnToolsVersion = 15.3;
						TestTargetID = 5B5BA3742BB7433900B558EE;
					};
					5B5BA3742BB7433900B558EE = {
						CreatedOnToolsVersion = 15.3;
					};
				};
			};
			buildConfigurationList = 5B5BA3702BB7433900B558EE /* Build configuration list for PBXProject "WhatTheHex" */;
			compatibilityVersion = "Xcode 14.0";
			developmentRegion = en;
			hasScannedForEncodings = 0;
			knownRegions = (
				en,
				Base,
			);
			mainGroup = 5B5BA36C2BB7433900B558EE;
			productRefGroup = 5B5BA3762BB7433900B558EE /* Products */;
			projectDirPath = "";
			projectRoot = "";
			targets = (
				5B5BA3742BB7433900B558EE /* WhatTheHex */,
				5B1208B82BBB232B00F36388 /* WhatTheHexTests */,
			);
		};
/* End PBXProject section */

/* Begin PBXResourcesBuildPhase section */
		5B1208B72BBB232B00F36388 /* Resources */ = {
			isa = PBXResourcesBuildPhase;
			buildActionMask = 2147483647;
			files = (
			);
			runOnlyForDeploymentPostprocessing = 0;
		};
		5B5BA3732BB7433900B558EE /* Resources */ = {
			isa = PBXResourcesBuildPhase;
			buildActionMask = 2147483647;
			files = (
				5B5BA3812BB7433B00B558EE /* Preview Assets.xcassets in Resources */,
				5B5BA37D2BB7433B00B558EE /* Assets.xcassets in Resources */,
				5B68EADA2BC433FD00ABD6E0 /* GameplayLoop.mp3 in Resources */,
			);
			runOnlyForDeploymentPostprocessing = 0;
		};
/* End PBXResourcesBuildPhase section */

/* Begin PBXSourcesBuildPhase section */
		5B1208B52BBB232B00F36388 /* Sources */ = {
			isa = PBXSourcesBuildPhase;
			buildActionMask = 2147483647;
			files = (
				5B0E331A2BC9590000F934DE /* Int+toHexadecimal.swift in Sources */,
				5BB39A6E2BC1DEE500A38EAD /* RapidGameViewModel.swift in Sources */,
				5B0E33192BC958FD00F934DE /* String+toHexadecimal.swift in Sources */,
				5B0E33182BC958AE00F934DE /* HexadecimalConversions.swift in Sources */,
				5BB39A692BBDA0C800A38EAD /* AccuracyGameViewModel.swift in Sources */,
				5BB39A682BBDA08700A38EAD /* GameViewModelTests.swift in Sources */,
				5B4F369E2BC1F9D200F1EB87 /* TimedGame.swift in Sources */,
				5B1208C42BBB238C00F36388 /* Hexcode.swift in Sources */,
				5B52A0BE2BC1F84C00BBE59B /* GameViewModel.swift in Sources */,
				5B1208C82BBB245600F36388 /* Component.swift in Sources */,
				5B0E33052BC6DF3E00F934DE /* HexcodeTests.swift in Sources */,
				5B1208C72BBB242C00F36388 /* ComponentTests.swift in Sources */,
				5B1208C92BBB24B700F36388 /* HexCategory.swift in Sources */,
				5B4F369F2BC1F9D900F1EB87 /* Guess.swift in Sources */,
			);
			runOnlyForDeploymentPostprocessing = 0;
		};
		5B5BA3712BB7433900B558EE /* Sources */ = {
			isa = PBXSourcesBuildPhase;
			buildActionMask = 2147483647;
			files = (
				5BA3D9D52BBC342F003DE2F8 /* TimerView.swift in Sources */,
				5B0E33142BC8853300F934DE /* String+toHexadecimal.swift in Sources */,
				5BA3D9CC2BBB64A0003DE2F8 /* AccuracyGameViewModel.swift in Sources */,
				5B5BA3882BB745FA00B558EE /* Hexcode.swift in Sources */,
				5BB39A702BC1E00C00A38EAD /* GameViewModel.swift in Sources */,
				5B5BA39C2BB8B1BD00B558EE /* HexComponentPickerView.swift in Sources */,
				5B5BA39A2BB8B05D00B558EE /* HexCategory.swift in Sources */,
				5BB39A5A2BBC865C00A38EAD /* Particle.swift in Sources */,
				5B5BA3982BB8B03200B558EE /* Component.swift in Sources */,
				5B5BA37B2BB7433900B558EE /* ContentView.swift in Sources */,
				5BA3D9D02BBB6E23003DE2F8 /* ColorSquareView.swift in Sources */,
				5BA3D9DD2BBC508E003DE2F8 /* HexcodeExplanationView.swift in Sources */,
				5B5BA3962BB89BD100B558EE /* Color+InitFromHex.swift in Sources */,
				5BB39A752BC1E90300A38EAD /* TimedGameBaseView.swift in Sources */,
				5BA3D9D92BBC4BE4003DE2F8 /* OnboardingRowView.swift in Sources */,
				5B4F36A52BC4242400F1EB87 /* MusicPlayer.swift in Sources */,
				5BA3D9DB2BBC4D33003DE2F8 /* BackgroundView.swift in Sources */,
				5BB39A772BC1ED3A00A38EAD /* RapidGameOverView.swift in Sources */,
				5BB39A722BC1E38700A38EAD /* TimedGame.swift in Sources */,
				5BA3D9D72BBC4B6B003DE2F8 /* OnboardingView.swift in Sources */,
				5B5BA38E2BB8894900B558EE /* Color+Random.swift in Sources */,
				5B68EADD2BC570DE00ABD6E0 /* AccuracyGameView.swift in Sources */,
				5B68EADF2BC58D8500ABD6E0 /* RGBSlidersView.swift in Sources */,
				5BB39A5D2BBC86AF00A38EAD /* ParticleSystem.swift in Sources */,
				5BB39A6D2BC1DEE200A38EAD /* RapidGameViewModel.swift in Sources */,
				5B5BA3792BB7433900B558EE /* WhatTheHexApp.swift in Sources */,
				5B0E33032BC6BC6600F934DE /* Binding+convert.swift in Sources */,
				5B68EAD62BC42F0E00ABD6E0 /* SurvivalGameViewModel.swift in Sources */,
				5B0E33162BC8877100F934DE /* Int+toHexadecimal.swift in Sources */,
				5BB39A582BBC83CA00A38EAD /* BeginView.swift in Sources */,
				5BB39A7F2BC1F44500A38EAD /* RapidGameView.swift in Sources */,
				5B0E32FD2BC5D4C900F934DE /* OnboardingTip.swift in Sources */,
				5B68EAD82BC4321500ABD6E0 /* SurvivalGameView.swift in Sources */,
				5B4F36A32BC203A100F1EB87 /* GameModeButtonView.swift in Sources */,
				5BB39A792BC1EDF800A38EAD /* Guess.swift in Sources */,
				5BB39A662BBC95D700A38EAD /* GameSelectionView.swift in Sources */,
				5B0E32FF2BC5D81300F934DE /* Hexcode+Equatable.swift in Sources */,
				5BB39A5F2BBC940D00A38EAD /* PracticeModeView.swift in Sources */,
				5BA3D9DF2BBC5424003DE2F8 /* ScoreExplanationView.swift in Sources */,
			);
			runOnlyForDeploymentPostprocessing = 0;
		};
/* End PBXSourcesBuildPhase section */

/* Begin PBXTargetDependency section */
		5B1208BE2BBB232B00F36388 /* PBXTargetDependency */ = {
			isa = PBXTargetDependency;
			target = 5B5BA3742BB7433900B558EE /* WhatTheHex */;
			targetProxy = 5B1208BD2BBB232B00F36388 /* PBXContainerItemProxy */;
		};
/* End PBXTargetDependency section */

/* Begin XCBuildConfiguration section */
		5B1208C02BBB232B00F36388 /* Debug */ = {
			isa = XCBuildConfiguration;
			buildSettings = {
				BUNDLE_LOADER = "$(TEST_HOST)";
				CODE_SIGN_STYLE = Automatic;
				CURRENT_PROJECT_VERSION = 1;
				DEVELOPMENT_TEAM = 2PF4YUG536;
				GENERATE_INFOPLIST_FILE = YES;
				IPHONEOS_DEPLOYMENT_TARGET = 17.4;
				MACOSX_DEPLOYMENT_TARGET = 14.2;
				MARKETING_VERSION = 1.0;
				PRODUCT_BUNDLE_IDENTIFIER = com.academy.WhatTheHexTests;
				PRODUCT_NAME = "$(TARGET_NAME)";
				SDKROOT = auto;
				SUPPORTED_PLATFORMS = "iphoneos iphonesimulator macosx";
				SWIFT_EMIT_LOC_STRINGS = NO;
				SWIFT_VERSION = 5.0;
				TARGETED_DEVICE_FAMILY = "1,2";
				TEST_HOST = "$(BUILT_PRODUCTS_DIR)/WhatTheHex.app/$(BUNDLE_EXECUTABLE_FOLDER_PATH)/WhatTheHex";
			};
			name = Debug;
		};
		5B1208C12BBB232B00F36388 /* Release */ = {
			isa = XCBuildConfiguration;
			buildSettings = {
				BUNDLE_LOADER = "$(TEST_HOST)";
				CODE_SIGN_STYLE = Automatic;
				CURRENT_PROJECT_VERSION = 1;
				DEVELOPMENT_TEAM = 2PF4YUG536;
				GENERATE_INFOPLIST_FILE = YES;
				IPHONEOS_DEPLOYMENT_TARGET = 17.4;
				MACOSX_DEPLOYMENT_TARGET = 14.2;
				MARKETING_VERSION = 1.0;
				PRODUCT_BUNDLE_IDENTIFIER = com.academy.WhatTheHexTests;
				PRODUCT_NAME = "$(TARGET_NAME)";
				SDKROOT = auto;
				SUPPORTED_PLATFORMS = "iphoneos iphonesimulator macosx";
				SWIFT_EMIT_LOC_STRINGS = NO;
				SWIFT_VERSION = 5.0;
				TARGETED_DEVICE_FAMILY = "1,2";
				TEST_HOST = "$(BUILT_PRODUCTS_DIR)/WhatTheHex.app/$(BUNDLE_EXECUTABLE_FOLDER_PATH)/WhatTheHex";
			};
			name = Release;
		};
		5B5BA3822BB7433B00B558EE /* Debug */ = {
			isa = XCBuildConfiguration;
			buildSettings = {
				ALWAYS_SEARCH_USER_PATHS = NO;
				ASSETCATALOG_COMPILER_GENERATE_SWIFT_ASSET_SYMBOL_EXTENSIONS = YES;
				CLANG_ANALYZER_NONNULL = YES;
				CLANG_ANALYZER_NUMBER_OBJECT_CONVERSION = YES_AGGRESSIVE;
				CLANG_CXX_LANGUAGE_STANDARD = "gnu++20";
				CLANG_ENABLE_MODULES = YES;
				CLANG_ENABLE_OBJC_ARC = YES;
				CLANG_ENABLE_OBJC_WEAK = YES;
				CLANG_WARN_BLOCK_CAPTURE_AUTORELEASING = YES;
				CLANG_WARN_BOOL_CONVERSION = YES;
				CLANG_WARN_COMMA = YES;
				CLANG_WARN_CONSTANT_CONVERSION = YES;
				CLANG_WARN_DEPRECATED_OBJC_IMPLEMENTATIONS = YES;
				CLANG_WARN_DIRECT_OBJC_ISA_USAGE = YES_ERROR;
				CLANG_WARN_DOCUMENTATION_COMMENTS = YES;
				CLANG_WARN_EMPTY_BODY = YES;
				CLANG_WARN_ENUM_CONVERSION = YES;
				CLANG_WARN_INFINITE_RECURSION = YES;
				CLANG_WARN_INT_CONVERSION = YES;
				CLANG_WARN_NON_LITERAL_NULL_CONVERSION = YES;
				CLANG_WARN_OBJC_IMPLICIT_RETAIN_SELF = YES;
				CLANG_WARN_OBJC_LITERAL_CONVERSION = YES;
				CLANG_WARN_OBJC_ROOT_CLASS = YES_ERROR;
				CLANG_WARN_QUOTED_INCLUDE_IN_FRAMEWORK_HEADER = YES;
				CLANG_WARN_RANGE_LOOP_ANALYSIS = YES;
				CLANG_WARN_STRICT_PROTOTYPES = YES;
				CLANG_WARN_SUSPICIOUS_MOVE = YES;
				CLANG_WARN_UNGUARDED_AVAILABILITY = YES_AGGRESSIVE;
				CLANG_WARN_UNREACHABLE_CODE = YES;
				CLANG_WARN__DUPLICATE_METHOD_MATCH = YES;
				COPY_PHASE_STRIP = NO;
				DEBUG_INFORMATION_FORMAT = dwarf;
				ENABLE_STRICT_OBJC_MSGSEND = YES;
				ENABLE_TESTABILITY = YES;
				ENABLE_USER_SCRIPT_SANDBOXING = YES;
				GCC_C_LANGUAGE_STANDARD = gnu17;
				GCC_DYNAMIC_NO_PIC = NO;
				GCC_NO_COMMON_BLOCKS = YES;
				GCC_OPTIMIZATION_LEVEL = 0;
				GCC_PREPROCESSOR_DEFINITIONS = (
					"DEBUG=1",
					"$(inherited)",
				);
				GCC_WARN_64_TO_32_BIT_CONVERSION = YES;
				GCC_WARN_ABOUT_RETURN_TYPE = YES_ERROR;
				GCC_WARN_UNDECLARED_SELECTOR = YES;
				GCC_WARN_UNINITIALIZED_AUTOS = YES_AGGRESSIVE;
				GCC_WARN_UNUSED_FUNCTION = YES;
				GCC_WARN_UNUSED_VARIABLE = YES;
				LOCALIZATION_PREFERS_STRING_CATALOGS = YES;
				MTL_ENABLE_DEBUG_INFO = INCLUDE_SOURCE;
				MTL_FAST_MATH = YES;
				ONLY_ACTIVE_ARCH = YES;
				SWIFT_ACTIVE_COMPILATION_CONDITIONS = "DEBUG $(inherited)";
				SWIFT_OPTIMIZATION_LEVEL = "-Onone";
			};
			name = Debug;
		};
		5B5BA3832BB7433B00B558EE /* Release */ = {
			isa = XCBuildConfiguration;
			buildSettings = {
				ALWAYS_SEARCH_USER_PATHS = NO;
				ASSETCATALOG_COMPILER_GENERATE_SWIFT_ASSET_SYMBOL_EXTENSIONS = YES;
				CLANG_ANALYZER_NONNULL = YES;
				CLANG_ANALYZER_NUMBER_OBJECT_CONVERSION = YES_AGGRESSIVE;
				CLANG_CXX_LANGUAGE_STANDARD = "gnu++20";
				CLANG_ENABLE_MODULES = YES;
				CLANG_ENABLE_OBJC_ARC = YES;
				CLANG_ENABLE_OBJC_WEAK = YES;
				CLANG_WARN_BLOCK_CAPTURE_AUTORELEASING = YES;
				CLANG_WARN_BOOL_CONVERSION = YES;
				CLANG_WARN_COMMA = YES;
				CLANG_WARN_CONSTANT_CONVERSION = YES;
				CLANG_WARN_DEPRECATED_OBJC_IMPLEMENTATIONS = YES;
				CLANG_WARN_DIRECT_OBJC_ISA_USAGE = YES_ERROR;
				CLANG_WARN_DOCUMENTATION_COMMENTS = YES;
				CLANG_WARN_EMPTY_BODY = YES;
				CLANG_WARN_ENUM_CONVERSION = YES;
				CLANG_WARN_INFINITE_RECURSION = YES;
				CLANG_WARN_INT_CONVERSION = YES;
				CLANG_WARN_NON_LITERAL_NULL_CONVERSION = YES;
				CLANG_WARN_OBJC_IMPLICIT_RETAIN_SELF = YES;
				CLANG_WARN_OBJC_LITERAL_CONVERSION = YES;
				CLANG_WARN_OBJC_ROOT_CLASS = YES_ERROR;
				CLANG_WARN_QUOTED_INCLUDE_IN_FRAMEWORK_HEADER = YES;
				CLANG_WARN_RANGE_LOOP_ANALYSIS = YES;
				CLANG_WARN_STRICT_PROTOTYPES = YES;
				CLANG_WARN_SUSPICIOUS_MOVE = YES;
				CLANG_WARN_UNGUARDED_AVAILABILITY = YES_AGGRESSIVE;
				CLANG_WARN_UNREACHABLE_CODE = YES;
				CLANG_WARN__DUPLICATE_METHOD_MATCH = YES;
				COPY_PHASE_STRIP = NO;
				DEBUG_INFORMATION_FORMAT = "dwarf-with-dsym";
				ENABLE_NS_ASSERTIONS = NO;
				ENABLE_STRICT_OBJC_MSGSEND = YES;
				ENABLE_USER_SCRIPT_SANDBOXING = YES;
				GCC_C_LANGUAGE_STANDARD = gnu17;
				GCC_NO_COMMON_BLOCKS = YES;
				GCC_WARN_64_TO_32_BIT_CONVERSION = YES;
				GCC_WARN_ABOUT_RETURN_TYPE = YES_ERROR;
				GCC_WARN_UNDECLARED_SELECTOR = YES;
				GCC_WARN_UNINITIALIZED_AUTOS = YES_AGGRESSIVE;
				GCC_WARN_UNUSED_FUNCTION = YES;
				GCC_WARN_UNUSED_VARIABLE = YES;
				LOCALIZATION_PREFERS_STRING_CATALOGS = YES;
				MTL_ENABLE_DEBUG_INFO = NO;
				MTL_FAST_MATH = YES;
				SWIFT_COMPILATION_MODE = wholemodule;
			};
			name = Release;
		};
		5B5BA3852BB7433B00B558EE /* Debug */ = {
			isa = XCBuildConfiguration;
			buildSettings = {
				ASSETCATALOG_COMPILER_APPICON_NAME = AppIcon;
				ASSETCATALOG_COMPILER_GLOBAL_ACCENT_COLOR_NAME = AccentColor;
				CODE_SIGN_ENTITLEMENTS = WhatTheHex/WhatTheHex.entitlements;
				CODE_SIGN_STYLE = Automatic;
				CURRENT_PROJECT_VERSION = 4;
				DEVELOPMENT_ASSET_PATHS = "\"WhatTheHex/Preview Content\"";
				DEVELOPMENT_TEAM = 2PF4YUG536;
				ENABLE_HARDENED_RUNTIME = YES;
				ENABLE_PREVIEWS = YES;
				GENERATE_INFOPLIST_FILE = YES;
				INFOPLIST_KEY_CFBundleDisplayName = HexHunter;
				INFOPLIST_KEY_LSApplicationCategoryType = "public.app-category.educational-games";
				"INFOPLIST_KEY_UIApplicationSceneManifest_Generation[sdk=iphoneos*]" = YES;
				"INFOPLIST_KEY_UIApplicationSceneManifest_Generation[sdk=iphonesimulator*]" = YES;
				"INFOPLIST_KEY_UIApplicationSupportsIndirectInputEvents[sdk=iphoneos*]" = YES;
				"INFOPLIST_KEY_UIApplicationSupportsIndirectInputEvents[sdk=iphonesimulator*]" = YES;
				"INFOPLIST_KEY_UILaunchScreen_Generation[sdk=iphoneos*]" = YES;
				"INFOPLIST_KEY_UILaunchScreen_Generation[sdk=iphonesimulator*]" = YES;
				"INFOPLIST_KEY_UIStatusBarStyle[sdk=iphoneos*]" = UIStatusBarStyleDefault;
				"INFOPLIST_KEY_UIStatusBarStyle[sdk=iphonesimulator*]" = UIStatusBarStyleDefault;
				INFOPLIST_KEY_UISupportedInterfaceOrientations_iPad = "UIInterfaceOrientationPortrait UIInterfaceOrientationPortraitUpsideDown UIInterfaceOrientationLandscapeLeft UIInterfaceOrientationLandscapeRight";
				INFOPLIST_KEY_UISupportedInterfaceOrientations_iPhone = "UIInterfaceOrientationPortrait UIInterfaceOrientationLandscapeLeft UIInterfaceOrientationLandscapeRight";
				IPHONEOS_DEPLOYMENT_TARGET = 17.4;
				LD_RUNPATH_SEARCH_PATHS = "@executable_path/Frameworks";
				"LD_RUNPATH_SEARCH_PATHS[sdk=macosx*]" = "@executable_path/../Frameworks";
				MACOSX_DEPLOYMENT_TARGET = 14.2;
				MARKETING_VERSION = 1.0;
				PRODUCT_BUNDLE_IDENTIFIER = com.academy.WhatTheHex;
				PRODUCT_NAME = "$(TARGET_NAME)";
				SDKROOT = auto;
				SUPPORTED_PLATFORMS = "iphoneos iphonesimulator macosx";
				SWIFT_EMIT_LOC_STRINGS = YES;
				SWIFT_VERSION = 5.0;
				TARGETED_DEVICE_FAMILY = "1,2";
			};
			name = Debug;
		};
		5B5BA3862BB7433B00B558EE /* Release */ = {
			isa = XCBuildConfiguration;
			buildSettings = {
				ASSETCATALOG_COMPILER_APPICON_NAME = AppIcon;
				ASSETCATALOG_COMPILER_GLOBAL_ACCENT_COLOR_NAME = AccentColor;
				CODE_SIGN_ENTITLEMENTS = WhatTheHex/WhatTheHex.entitlements;
				CODE_SIGN_STYLE = Automatic;
				CURRENT_PROJECT_VERSION = 4;
				DEVELOPMENT_ASSET_PATHS = "\"WhatTheHex/Preview Content\"";
				DEVELOPMENT_TEAM = 2PF4YUG536;
				ENABLE_HARDENED_RUNTIME = YES;
				ENABLE_PREVIEWS = YES;
				GENERATE_INFOPLIST_FILE = YES;
				INFOPLIST_KEY_CFBundleDisplayName = HexHunter;
				INFOPLIST_KEY_LSApplicationCategoryType = "public.app-category.educational-games";
				"INFOPLIST_KEY_UIApplicationSceneManifest_Generation[sdk=iphoneos*]" = YES;
				"INFOPLIST_KEY_UIApplicationSceneManifest_Generation[sdk=iphonesimulator*]" = YES;
				"INFOPLIST_KEY_UIApplicationSupportsIndirectInputEvents[sdk=iphoneos*]" = YES;
				"INFOPLIST_KEY_UIApplicationSupportsIndirectInputEvents[sdk=iphonesimulator*]" = YES;
				"INFOPLIST_KEY_UILaunchScreen_Generation[sdk=iphoneos*]" = YES;
				"INFOPLIST_KEY_UILaunchScreen_Generation[sdk=iphonesimulator*]" = YES;
				"INFOPLIST_KEY_UIStatusBarStyle[sdk=iphoneos*]" = UIStatusBarStyleDefault;
				"INFOPLIST_KEY_UIStatusBarStyle[sdk=iphonesimulator*]" = UIStatusBarStyleDefault;
				INFOPLIST_KEY_UISupportedInterfaceOrientations_iPad = "UIInterfaceOrientationPortrait UIInterfaceOrientationPortraitUpsideDown UIInterfaceOrientationLandscapeLeft UIInterfaceOrientationLandscapeRight";
				INFOPLIST_KEY_UISupportedInterfaceOrientations_iPhone = "UIInterfaceOrientationPortrait UIInterfaceOrientationLandscapeLeft UIInterfaceOrientationLandscapeRight";
				IPHONEOS_DEPLOYMENT_TARGET = 17.4;
				LD_RUNPATH_SEARCH_PATHS = "@executable_path/Frameworks";
				"LD_RUNPATH_SEARCH_PATHS[sdk=macosx*]" = "@executable_path/../Frameworks";
				MACOSX_DEPLOYMENT_TARGET = 14.2;
				MARKETING_VERSION = 1.0;
				PRODUCT_BUNDLE_IDENTIFIER = com.academy.WhatTheHex;
				PRODUCT_NAME = "$(TARGET_NAME)";
				SDKROOT = auto;
				SUPPORTED_PLATFORMS = "iphoneos iphonesimulator macosx";
				SWIFT_EMIT_LOC_STRINGS = YES;
				SWIFT_VERSION = 5.0;
				TARGETED_DEVICE_FAMILY = "1,2";
			};
			name = Release;
		};
/* End XCBuildConfiguration section */

/* Begin XCConfigurationList section */
		5B1208BF2BBB232B00F36388 /* Build configuration list for PBXNativeTarget "WhatTheHexTests" */ = {
			isa = XCConfigurationList;
			buildConfigurations = (
				5B1208C02BBB232B00F36388 /* Debug */,
				5B1208C12BBB232B00F36388 /* Release */,
			);
			defaultConfigurationIsVisible = 0;
			defaultConfigurationName = Release;
		};
		5B5BA3702BB7433900B558EE /* Build configuration list for PBXProject "WhatTheHex" */ = {
			isa = XCConfigurationList;
			buildConfigurations = (
				5B5BA3822BB7433B00B558EE /* Debug */,
				5B5BA3832BB7433B00B558EE /* Release */,
			);
			defaultConfigurationIsVisible = 0;
			defaultConfigurationName = Release;
		};
		5B5BA3842BB7433B00B558EE /* Build configuration list for PBXNativeTarget "WhatTheHex" */ = {
			isa = XCConfigurationList;
			buildConfigurations = (
				5B5BA3852BB7433B00B558EE /* Debug */,
				5B5BA3862BB7433B00B558EE /* Release */,
			);
			defaultConfigurationIsVisible = 0;
			defaultConfigurationName = Release;
		};
/* End XCConfigurationList section */
	};
	rootObject = 5B5BA36D2BB7433900B558EE /* Project object */;
}
